
Microsoft Visual Studio Solution File, Format Version 12.00
# Visual Studio Version 17
VisualStudioVersion = 17.8.34330.188
MinimumVisualStudioVersion = 10.0.40219.1
Project("{FAE04EC0-301F-11D3-BF4B-00C04F79EFBC}") = "Calculator", "Calculator.csproj", "{D04801AF-D98A-4474-AA8C-6970C90E42DA}"
EndProject
Global
	GlobalSection(SolutionConfigurationPlatforms) = preSolution
		Debug|Any CPU = Debug|Any CPU
		Release|Any CPU = Release|Any CPU
	EndGlobalSection
	GlobalSection(ProjectConfigurationPlatforms) = postSolution
		{D04801AF-D98A-4474-AA8C-6970C90E42DA}.Debug|Any CPU.ActiveCfg = Debug|Any CPU
		{D04801AF-D98A-4474-AA8C-6970C90E42DA}.Debug|Any CPU.Build.0 = Debug|Any CPU
		{D04801AF-D98A-4474-AA8C-6970C90E42DA}.Release|Any CPU.ActiveCfg = Release|Any CPU
		{D04801AF-D98A-4474-AA8C-6970C90E42DA}.Release|Any CPU.Build.0 = Release|Any CPU
	EndGlobalSection
	GlobalSection(SolutionProperties) = preSolution
		HideSolutionNode = FALSE
	EndGlobalSection
	GlobalSection(ExtensibilityGlobals) = postSolution
		SolutionGuid = {4DBFFEF9-2B3A-458F-9156-CAAC4068BED3}
	EndGlobalSection
EndGlobal
